{
  "object": {
    "pins": [
      {
        "package": "geos",
        "repositoryURL": "https://github.com/GEOSwift/geos.git",
        "state": {
          "branch": null,
          "revision": "bf897b992c7ff22b5271bacfb1646ff136b75df2",
          "version": "6.0.1"
        }
      },
      {
        "package": "GEOSwift",
        "repositoryURL": "https://github.com/GEOSwift/GEOSwift.git",
        "state": {
          "branch": null,
          "revision": "868c4fc12019c1e5f989d429b5a7bf97433be48c",
          "version": "8.0.1"
        }
      }
    ]
  },
  "version": 1
}
