{
  "object": {
    "pins": [
      {
        "package": "geos",
        "repositoryURL": "https://github.com/GEOSwift/geos.git",
        "state": {
          "branch": null,
          "revision": "083e366bc831d0f951974151315383830a79d447",
          "version": "5.0.0"
        }
      },
      {
        "package": "GEOSwift",
        "repositoryURL": "https://github.com/GEOSwift/GEOSwift.git",
        "state": {
          "branch": null,
          "revision": "fc208fd843a4ff3caf214845a123b9a6247d82ea",
          "version": "7.0.0"
        }
      }
    ]
  },
  "version": 1
}
